
Microsoft Visual Studio Solution File, Format Version 12.00
# Visual Studio Version 17
VisualStudioVersion = 17.1.32421.90
MinimumVisualStudioVersion = 10.0.40219.1
Project("{9A19103F-16F7-4668-BE54-9A1E7A4F7556}") = "CopyTool", "CopyTool\CopyTool.csproj", "{A67EB909-ED1F-45FA-88C1-766F9C5B8F31}"
EndProject
Project("{9A19103F-16F7-4668-BE54-9A1E7A4F7556}") = "CopyTool.Tests", "CopyTool.Tests\CopyTool.Tests.csproj", "{1543FCC6-9932-44F1-9FC3-826562897829}"
EndProject
Project("{2150E333-8FDC-42A3-9474-1A3956D46DE8}") = "Solution Items", "Solution Items", "{95E2D530-FB8E-40B3-AB50-5009D6F6D816}"
	ProjectSection(SolutionItems) = preProject
		.editorconfig = .editorconfig
	EndProjectSection
EndProject
Project("{9A19103F-16F7-4668-BE54-9A1E7A4F7556}") = "CopyTool.Console", "CopyTool.Console\CopyTool.Console.csproj", "{659F33CC-EC6B-41F7-8C49-F9F506D0E2D9}"
EndProject
Global
	GlobalSection(SolutionConfigurationPlatforms) = preSolution
		Debug|Any CPU = Debug|Any CPU
		Release|Any CPU = Release|Any CPU
	EndGlobalSection
	GlobalSection(ProjectConfigurationPlatforms) = postSolution
		{A67EB909-ED1F-45FA-88C1-766F9C5B8F31}.Debug|Any CPU.ActiveCfg = Debug|Any CPU
		{A67EB909-ED1F-45FA-88C1-766F9C5B8F31}.Debug|Any CPU.Build.0 = Debug|Any CPU
		{A67EB909-ED1F-45FA-88C1-766F9C5B8F31}.Release|Any CPU.ActiveCfg = Release|Any CPU
		{A67EB909-ED1F-45FA-88C1-766F9C5B8F31}.Release|Any CPU.Build.0 = Release|Any CPU
		{1543FCC6-9932-44F1-9FC3-826562897829}.Debug|Any CPU.ActiveCfg = Debug|Any CPU
		{1543FCC6-9932-44F1-9FC3-826562897829}.Debug|Any CPU.Build.0 = Debug|Any CPU
		{1543FCC6-9932-44F1-9FC3-826562897829}.Release|Any CPU.ActiveCfg = Release|Any CPU
		{1543FCC6-9932-44F1-9FC3-826562897829}.Release|Any CPU.Build.0 = Release|Any CPU
		{659F33CC-EC6B-41F7-8C49-F9F506D0E2D9}.Debug|Any CPU.ActiveCfg = Debug|Any CPU
		{659F33CC-EC6B-41F7-8C49-F9F506D0E2D9}.Debug|Any CPU.Build.0 = Debug|Any CPU
		{659F33CC-EC6B-41F7-8C49-F9F506D0E2D9}.Release|Any CPU.ActiveCfg = Release|Any CPU
		{659F33CC-EC6B-41F7-8C49-F9F506D0E2D9}.Release|Any CPU.Build.0 = Release|Any CPU
	EndGlobalSection
	GlobalSection(SolutionProperties) = preSolution
		HideSolutionNode = FALSE
	EndGlobalSection
	GlobalSection(ExtensibilityGlobals) = postSolution
		SolutionGuid = {3640A0A9-9BA7-4F5A-A77A-75EB74740345}
	EndGlobalSection
EndGlobal
